{
  "version": 4,
  "terraform_version": "1.14.4",
  "serial": 1,
  "lineage": "bf47531c-5410-4770-02b2-3586087b544b",
  "outputs": {
    "file_content": {
      "value": "Hello putti! Terraform Day 8 is working 🚀",
      "type": "string"
    },
    "file_name": {
      "value": "day8.txt",
      "type": "string"
    }
  },
  "resources": [
    {
      "module": "module.file_creator",
      "mode": "managed",
      "type": "local_file",
      "name": "this",
      "provider": "provider[\"registry.terraform.io/hashicorp/local\"]",
      "instances": [
        {
          "schema_version": 0,
          "attributes": {
            "content": "Hello putti, Terraform Day 8 is working!",
            "content_base64": null,
            "content_base64sha256": "GpKFq2Y49RBm9dkIoIZ+BxEJmyWvZW9Ht3SrCpXl9sw=",
            "content_base64sha512": "nVorGsdvg2OfBfnadNXDhufOwXyC8nK1IKR/O4z4ENYTA6GJ+vr2WuBW1aFn+BA/qkUVe9DGffd/PV93q1xzJA==",
            "content_md5": "a48302f76b5804d0fe1547eb63ffeaa6",
            "content_sha1": "a0fcf717bf565d09cbb04c4c0c2f02a5cd9c8bdf",
            "content_sha256": "1a9285ab6638f51066f5d908a0867e0711099b25af656f47b774ab0a95e5f6cc",
            "content_sha512": "9d5a2b1ac76f83639f05f9da74d5c386e7cec17c82f272b520a47f3b8cf810d61303a189fafaf65ae056d5a167f8103faa45157bd0c67df77f3d5f77ab5c7324",
            "directory_permission": "0777",
            "file_permission": "0777",
            "filename": "day8_file.txt",
            "id": "a0fcf717bf565d09cbb04c4c0c2f02a5cd9c8bdf",
            "sensitive_content": null,
            "source": null
          },
          "sensitive_attributes": [
            [
              {
                "type": "get_attr",
                "value": "sensitive_content"
              }
            ]
          ],
          "identity_schema_version": 0
        }
      ]
    }
  ],
  "check_results": null
}
